
Microsoft Visual Studio Solution File, Format Version 12.00
# Visual Studio Version 17
VisualStudioVersion = 17.11.35208.52
MinimumVisualStudioVersion = 10.0.40219.1
Project("{FAE04EC0-301F-11D3-BF4B-00C04F79EFBC}") = "StringLibrary", "StringLibrary.csproj", "{8FF4EC0E-E537-4B82-85AF-4D18394D1E19}"
EndProject
Global
	GlobalSection(SolutionConfigurationPlatforms) = preSolution
		Debug|Any CPU = Debug|Any CPU
		Release|Any CPU = Release|Any CPU
	EndGlobalSection
	GlobalSection(ProjectConfigurationPlatforms) = postSolution
		{8FF4EC0E-E537-4B82-85AF-4D18394D1E19}.Debug|Any CPU.ActiveCfg = Debug|Any CPU
		{8FF4EC0E-E537-4B82-85AF-4D18394D1E19}.Debug|Any CPU.Build.0 = Debug|Any CPU
		{8FF4EC0E-E537-4B82-85AF-4D18394D1E19}.Release|Any CPU.ActiveCfg = Release|Any CPU
		{8FF4EC0E-E537-4B82-85AF-4D18394D1E19}.Release|Any CPU.Build.0 = Release|Any CPU
	EndGlobalSection
	GlobalSection(SolutionProperties) = preSolution
		HideSolutionNode = FALSE
	EndGlobalSection
	GlobalSection(ExtensibilityGlobals) = postSolution
		SolutionGuid = {665046E6-F3F1-4A2F-A8D6-C2B6899BB97F}
	EndGlobalSection
EndGlobal
